
Microsoft Visual Studio Solution File, Format Version 12.00
# Visual Studio Version 17
VisualStudioVersion = 17.7.34031.279
MinimumVisualStudioVersion = 10.0.40219.1
Project("{2150E333-8FDC-42A3-9474-1A3956D46DE8}") = "Application Business Rules", "Application Business Rules", "{D0C6FECD-233D-4291-8A64-7F08EFE1DCAA}"
EndProject
Project("{2150E333-8FDC-42A3-9474-1A3956D46DE8}") = "Enterprise Business Rules", "Enterprise Business Rules", "{554F1F9D-4893-4CE2-A04A-837D8964425D}"
EndProject
Project("{2150E333-8FDC-42A3-9474-1A3956D46DE8}") = "Interface Adapters", "Interface Adapters", "{C86ECFE0-CC23-4B21-AD2D-BB6A9AEEC958}"
EndProject
Project("{2150E333-8FDC-42A3-9474-1A3956D46DE8}") = "Frameworks And Drivers", "Frameworks And Drivers", "{CBA7ECA9-36D5-4793-A23D-50D6FDAC95F5}"
EndProject
Project("{9A19103F-16F7-4668-BE54-9A1E7A4F7556}") = "NorthWind.Entities", "NorthWind.Entities\NorthWind.Entities.csproj", "{3CE5A769-7F23-4469-B48F-6E145F737B65}"
EndProject
Project("{2150E333-8FDC-42A3-9474-1A3956D46DE8}") = "Gateways", "Gateways", "{69BCCD89-95E4-41D7-8FA9-AB73E734380D}"
EndProject
Project("{9A19103F-16F7-4668-BE54-9A1E7A4F7556}") = "NorthWind.Repositories.EFCore", "NorthWind.Repositories.EFCore\NorthWind.Repositories.EFCore.csproj", "{27A1F559-BC5D-4779-BAF0-7C62BA75D47C}"
EndProject
Project("{9A19103F-16F7-4668-BE54-9A1E7A4F7556}") = "NorthWind.UseCasesDTOs", "NorthWind.UseCasesDTOs\NorthWind.UseCasesDTOs.csproj", "{593967EC-8B5E-40D0-9C7F-BB2C5E4E7FE0}"
EndProject
Project("{9A19103F-16F7-4668-BE54-9A1E7A4F7556}") = "NorthWind.UseCases", "NorthWind.UseCases\NorthWind.UseCases.csproj", "{3F40C051-C7F4-4B52-817E-9B91D36CEFE4}"
EndProject
Project("{FAE04EC0-301F-11D3-BF4B-00C04F79EFBC}") = "NorthWind.loC", "NorthWind.loC\NorthWind.loC.csproj", "{7E86F904-B606-4ABA-A819-ED46960716D9}"
EndProject
Project("{2150E333-8FDC-42A3-9474-1A3956D46DE8}") = "Presenters", "Presenters", "{A1C0B5AF-58E8-4F00-AF9C-DC82DF6A2185}"
EndProject
Project("{FAE04EC0-301F-11D3-BF4B-00C04F79EFBC}") = "NorthWind.WebExceptionsPresenter", "NorthWind.WebExceptionsPresenter\NorthWind.WebExceptionsPresenter.csproj", "{8A057CA8-6FF2-4AD4-930C-CC37DE4C9065}"
EndProject
Global
	GlobalSection(SolutionConfigurationPlatforms) = preSolution
		Debug|Any CPU = Debug|Any CPU
		Release|Any CPU = Release|Any CPU
	EndGlobalSection
	GlobalSection(ProjectConfigurationPlatforms) = postSolution
		{3CE5A769-7F23-4469-B48F-6E145F737B65}.Debug|Any CPU.ActiveCfg = Debug|Any CPU
		{3CE5A769-7F23-4469-B48F-6E145F737B65}.Debug|Any CPU.Build.0 = Debug|Any CPU
		{3CE5A769-7F23-4469-B48F-6E145F737B65}.Release|Any CPU.ActiveCfg = Release|Any CPU
		{3CE5A769-7F23-4469-B48F-6E145F737B65}.Release|Any CPU.Build.0 = Release|Any CPU
		{27A1F559-BC5D-4779-BAF0-7C62BA75D47C}.Debug|Any CPU.ActiveCfg = Debug|Any CPU
		{27A1F559-BC5D-4779-BAF0-7C62BA75D47C}.Debug|Any CPU.Build.0 = Debug|Any CPU
		{27A1F559-BC5D-4779-BAF0-7C62BA75D47C}.Release|Any CPU.ActiveCfg = Release|Any CPU
		{27A1F559-BC5D-4779-BAF0-7C62BA75D47C}.Release|Any CPU.Build.0 = Release|Any CPU
		{593967EC-8B5E-40D0-9C7F-BB2C5E4E7FE0}.Debug|Any CPU.ActiveCfg = Debug|Any CPU
		{593967EC-8B5E-40D0-9C7F-BB2C5E4E7FE0}.Debug|Any CPU.Build.0 = Debug|Any CPU
		{593967EC-8B5E-40D0-9C7F-BB2C5E4E7FE0}.Release|Any CPU.ActiveCfg = Release|Any CPU
		{593967EC-8B5E-40D0-9C7F-BB2C5E4E7FE0}.Release|Any CPU.Build.0 = Release|Any CPU
		{3F40C051-C7F4-4B52-817E-9B91D36CEFE4}.Debug|Any CPU.ActiveCfg = Debug|Any CPU
		{3F40C051-C7F4-4B52-817E-9B91D36CEFE4}.Debug|Any CPU.Build.0 = Debug|Any CPU
		{3F40C051-C7F4-4B52-817E-9B91D36CEFE4}.Release|Any CPU.ActiveCfg = Release|Any CPU
		{3F40C051-C7F4-4B52-817E-9B91D36CEFE4}.Release|Any CPU.Build.0 = Release|Any CPU
		{7E86F904-B606-4ABA-A819-ED46960716D9}.Debug|Any CPU.ActiveCfg = Debug|Any CPU
		{7E86F904-B606-4ABA-A819-ED46960716D9}.Debug|Any CPU.Build.0 = Debug|Any CPU
		{7E86F904-B606-4ABA-A819-ED46960716D9}.Release|Any CPU.ActiveCfg = Release|Any CPU
		{7E86F904-B606-4ABA-A819-ED46960716D9}.Release|Any CPU.Build.0 = Release|Any CPU
		{8A057CA8-6FF2-4AD4-930C-CC37DE4C9065}.Debug|Any CPU.ActiveCfg = Debug|Any CPU
		{8A057CA8-6FF2-4AD4-930C-CC37DE4C9065}.Debug|Any CPU.Build.0 = Debug|Any CPU
		{8A057CA8-6FF2-4AD4-930C-CC37DE4C9065}.Release|Any CPU.ActiveCfg = Release|Any CPU
		{8A057CA8-6FF2-4AD4-930C-CC37DE4C9065}.Release|Any CPU.Build.0 = Release|Any CPU
	EndGlobalSection
	GlobalSection(SolutionProperties) = preSolution
		HideSolutionNode = FALSE
	EndGlobalSection
	GlobalSection(NestedProjects) = preSolution
		{3CE5A769-7F23-4469-B48F-6E145F737B65} = {554F1F9D-4893-4CE2-A04A-837D8964425D}
		{69BCCD89-95E4-41D7-8FA9-AB73E734380D} = {C86ECFE0-CC23-4B21-AD2D-BB6A9AEEC958}
		{27A1F559-BC5D-4779-BAF0-7C62BA75D47C} = {69BCCD89-95E4-41D7-8FA9-AB73E734380D}
		{593967EC-8B5E-40D0-9C7F-BB2C5E4E7FE0} = {D0C6FECD-233D-4291-8A64-7F08EFE1DCAA}
		{3F40C051-C7F4-4B52-817E-9B91D36CEFE4} = {D0C6FECD-233D-4291-8A64-7F08EFE1DCAA}
		{7E86F904-B606-4ABA-A819-ED46960716D9} = {C86ECFE0-CC23-4B21-AD2D-BB6A9AEEC958}
		{A1C0B5AF-58E8-4F00-AF9C-DC82DF6A2185} = {C86ECFE0-CC23-4B21-AD2D-BB6A9AEEC958}
		{8A057CA8-6FF2-4AD4-930C-CC37DE4C9065} = {A1C0B5AF-58E8-4F00-AF9C-DC82DF6A2185}
	EndGlobalSection
	GlobalSection(ExtensibilityGlobals) = postSolution
		SolutionGuid = {10611ADF-28D2-42AA-8E00-D6AA8877DD1B}
	EndGlobalSection
EndGlobal
